
Microsoft Visual Studio Solution File, Format Version 12.00
# Visual Studio Version 17
VisualStudioVersion = 17.13.35825.156 d17.13
MinimumVisualStudioVersion = 10.0.40219.1
Project("{FAE04EC0-301F-11D3-BF4B-00C04F79EFBC}") = "PraktikumADO", "PraktikumADO.csproj", "{E9624822-FD30-4302-9BC5-932124BE6430}"
EndProject
Global
	GlobalSection(SolutionConfigurationPlatforms) = preSolution
		Debug|Any CPU = Debug|Any CPU
		Release|Any CPU = Release|Any CPU
	EndGlobalSection
	GlobalSection(ProjectConfigurationPlatforms) = postSolution
		{E9624822-FD30-4302-9BC5-932124BE6430}.Debug|Any CPU.ActiveCfg = Debug|Any CPU
		{E9624822-FD30-4302-9BC5-932124BE6430}.Debug|Any CPU.Build.0 = Debug|Any CPU
		{E9624822-FD30-4302-9BC5-932124BE6430}.Release|Any CPU.ActiveCfg = Release|Any CPU
		{E9624822-FD30-4302-9BC5-932124BE6430}.Release|Any CPU.Build.0 = Release|Any CPU
	EndGlobalSection
	GlobalSection(SolutionProperties) = preSolution
		HideSolutionNode = FALSE
	EndGlobalSection
	GlobalSection(ExtensibilityGlobals) = postSolution
		SolutionGuid = {315979F8-5B18-48CA-9D6D-36B435DC645A}
	EndGlobalSection
EndGlobal
